{
  "requires": true,
  "lockfileVersion": 1,
  "dependencies": {
    "tiny-slider": {
      "version": "2.8.7",
      "resolved": "https://registry.npmjs.org/tiny-slider/-/tiny-slider-2.8.7.tgz",
      "integrity": "sha512-fQJHj1XOXJTOP4QhJDgBL/cYCyLopXxseldEDK8zxHCpV6er7mu4Na8CdXysFfJ7y8JAqpItPxNAqI3JGjzfXg=="
    }
  }
}
